
Microsoft Visual Studio Solution File, Format Version 12.00
# Visual Studio Version 17
VisualStudioVersion = 17.7.34202.233
MinimumVisualStudioVersion = 10.0.40219.1
Project("{FAE04EC0-301F-11D3-BF4B-00C04F79EFBC}") = "Ksiegarnia", "Ksiegarnia\Ksiegarnia.csproj", "{E67AC3CD-1329-47BD-9B90-FABAEA2015E7}"
EndProject
Global
	GlobalSection(SolutionConfigurationPlatforms) = preSolution
		Debug|Any CPU = Debug|Any CPU
		Release|Any CPU = Release|Any CPU
	EndGlobalSection
	GlobalSection(ProjectConfigurationPlatforms) = postSolution
		{E67AC3CD-1329-47BD-9B90-FABAEA2015E7}.Debug|Any CPU.ActiveCfg = Debug|Any CPU
		{E67AC3CD-1329-47BD-9B90-FABAEA2015E7}.Debug|Any CPU.Build.0 = Debug|Any CPU
		{E67AC3CD-1329-47BD-9B90-FABAEA2015E7}.Release|Any CPU.ActiveCfg = Release|Any CPU
		{E67AC3CD-1329-47BD-9B90-FABAEA2015E7}.Release|Any CPU.Build.0 = Release|Any CPU
	EndGlobalSection
	GlobalSection(SolutionProperties) = preSolution
		HideSolutionNode = FALSE
	EndGlobalSection
	GlobalSection(ExtensibilityGlobals) = postSolution
		SolutionGuid = {F37BA3C7-3F00-42F4-A0E5-C7F4F76CA41A}
	EndGlobalSection
EndGlobal
